PODS:
  - Atom (0.1.2)
  - RxSwift (4.1.1)
  - ViewExtensions (0.1.3):
    - Atom
    - RxSwift

DEPENDENCIES:
  - Atom
  - ViewExtensions (from `../`)

EXTERNAL SOURCES:
  ViewExtensions:
    :path: ../

SPEC CHECKSUMS:
  Atom: 5429f2ee7ad10ea170b070f63da0b7ea54e595ca
  RxSwift: c6e3b1c7b325c7d121cd4327e9d98b7ed746b570
  ViewExtensions: 91d68c9264a406349e45afb250bc35b321cbb1f5

PODFILE CHECKSUM: bc5189838e78f929854f51ace0c518787c9778a3

COCOAPODS: 1.4.0
